
Microsoft Visual Studio Solution File, Format Version 12.00
# Visual Studio Version 16
VisualStudioVersion = 16.0.31112.23
MinimumVisualStudioVersion = 10.0.40219.1
Project("{8BC9CEB8-8B4A-11D0-8D11-00A0C91BC942}") = "Estructura 2do. Avance", "Estructura 2do. Avance\Estructura 2do. Avance.vcxproj", "{DC792F0C-BCB9-49B5-8637-3DFF21949ABF}"
EndProject
Global
	GlobalSection(SolutionConfigurationPlatforms) = preSolution
		Debug|x64 = Debug|x64
		Debug|x86 = Debug|x86
		Release|x64 = Release|x64
		Release|x86 = Release|x86
	EndGlobalSection
	GlobalSection(ProjectConfigurationPlatforms) = postSolution
		{DC792F0C-BCB9-49B5-8637-3DFF21949ABF}.Debug|x64.ActiveCfg = Debug|x64
		{DC792F0C-BCB9-49B5-8637-3DFF21949ABF}.Debug|x64.Build.0 = Debug|x64
		{DC792F0C-BCB9-49B5-8637-3DFF21949ABF}.Debug|x86.ActiveCfg = Debug|Win32
		{DC792F0C-BCB9-49B5-8637-3DFF21949ABF}.Debug|x86.Build.0 = Debug|Win32
		{DC792F0C-BCB9-49B5-8637-3DFF21949ABF}.Release|x64.ActiveCfg = Release|x64
		{DC792F0C-BCB9-49B5-8637-3DFF21949ABF}.Release|x64.Build.0 = Release|x64
		{DC792F0C-BCB9-49B5-8637-3DFF21949ABF}.Release|x86.ActiveCfg = Release|Win32
		{DC792F0C-BCB9-49B5-8637-3DFF21949ABF}.Release|x86.Build.0 = Release|Win32
	EndGlobalSection
	GlobalSection(SolutionProperties) = preSolution
		HideSolutionNode = FALSE
	EndGlobalSection
	GlobalSection(ExtensibilityGlobals) = postSolution
		SolutionGuid = {FE050D1E-199E-4D6F-B080-129A16B97D2D}
	EndGlobalSection
EndGlobal
